
Microsoft Visual Studio Solution File, Format Version 12.00
# Visual Studio Version 17
VisualStudioVersion = 17.4.33213.308
MinimumVisualStudioVersion = 10.0.40219.1
Project("{FAE04EC0-301F-11D3-BF4B-00C04F79EFBC}") = "PSAULA04-AppBanco", "PSAULA04-AppBanco.csproj", "{7964D434-B3CE-494A-AF24-A4C4C87D238A}"
EndProject
Global
	GlobalSection(SolutionConfigurationPlatforms) = preSolution
		Debug|Any CPU = Debug|Any CPU
		Release|Any CPU = Release|Any CPU
	EndGlobalSection
	GlobalSection(ProjectConfigurationPlatforms) = postSolution
		{7964D434-B3CE-494A-AF24-A4C4C87D238A}.Debug|Any CPU.ActiveCfg = Debug|Any CPU
		{7964D434-B3CE-494A-AF24-A4C4C87D238A}.Debug|Any CPU.Build.0 = Debug|Any CPU
		{7964D434-B3CE-494A-AF24-A4C4C87D238A}.Release|Any CPU.ActiveCfg = Release|Any CPU
		{7964D434-B3CE-494A-AF24-A4C4C87D238A}.Release|Any CPU.Build.0 = Release|Any CPU
	EndGlobalSection
	GlobalSection(SolutionProperties) = preSolution
		HideSolutionNode = FALSE
	EndGlobalSection
	GlobalSection(ExtensibilityGlobals) = postSolution
		SolutionGuid = {95BAF4D8-3B77-46C7-97A9-B5FBAC6E6E3F}
	EndGlobalSection
EndGlobal
